{
    "_readme": [
        "This file locks the dependencies of your project to a known state",
        "Read more about it at http://getcomposer.org/doc/01-basic-usage.md#composer-lock-the-lock-file",
        "This file is @generated automatically"
    ],
    "hash": "549e8a0f6feb4d4bc2e578269825599f",
    "packages": [
        {
            "name": "aws/aws-sdk-php",
            "version": "2.6.10",
            "source": {
                "type": "git",
                "url": "https://github.com/aws/aws-sdk-php.git",
                "reference": "11b56a0fc4b0e00c09d088cf31a64710653b46bc"
            },
            "dist": {
                "type": "zip",
                "url": "https://api.github.com/repos/aws/aws-sdk-php/zipball/11b56a0fc4b0e00c09d088cf31a64710653b46bc",
                "reference": "11b56a0fc4b0e00c09d088cf31a64710653b46bc",
                "shasum": ""
            },
            "require": {
                "guzzle/guzzle": ">=3.7.0,<=3.9.9",
                "php": ">=5.3.3"
            },
            "require-dev": {
                "doctrine/cache": "~1.0",
                "ext-openssl": "*",
                "monolog/monolog": "1.4.*",
                "phpunit/phpunit": "4.*",
                "symfony/class-loader": "2.*",
                "symfony/yaml": "2.*"
            },
            "suggest": {
                "doctrine/cache": "Adds support for caching of credentials and responses",
                "ext-apc": "Allows service description opcode caching, request and response caching, and credentials caching",
                "ext-openssl": "Allows working with CloudFront private distributions and verifying received SNS messages",
                "monolog/monolog": "Adds support for logging HTTP requests and responses",
                "symfony/yaml": "Eases the ability to write manifests for creating jobs in AWS Import/Export"
            },
            "type": "library",
            "extra": {
                "branch-alias": {
                    "dev-master": "2.6.x-dev"
                }
            },
            "autoload": {
                "psr-0": {
                    "Aws": "src/"
                }
            },
            "notification-url": "https://packagist.org/downloads/",
            "license": [
                "Apache-2.0"
            ],
            "authors": [
                {
                    "name": "Amazon Web Services",
                    "homepage": "http://aws.amazon.com"
                }
            ],
            "description": "AWS SDK for PHP - Use Amazon Web Services in your PHP project",
            "homepage": "http://aws.amazon.com/sdkforphp",
            "keywords": [
                "amazon",
                "aws",
                "cloud",
                "dynamodb",
                "ec2",
                "glacier",
                "s3",
                "sdk"
            ],
            "time": "2014-07-02 20:42:09"
        },
        {
            "name": "burzum/cakephp-imagine-plugin",
            "version": "1.0.5",
            "source": {
                "type": "git",
                "url": "https://github.com/burzum/cakephp-imagine-plugin.git",
                "reference": "b933ecc0b0676c6b3178fd6eeede6dad1a9176cd"
            },
            "dist": {
                "type": "zip",
                "url": "https://api.github.com/repos/burzum/cakephp-imagine-plugin/zipball/b933ecc0b0676c6b3178fd6eeede6dad1a9176cd",
                "reference": "b933ecc0b0676c6b3178fd6eeede6dad1a9176cd",
                "shasum": ""
            },
            "require": {
                "composer/installers": "*",
                "imagine/imagine": "*",
                "php": ">=5.3.2"
            },
            "type": "cakephp-plugin",
            "extra": {
                "installer-name": "Imagine"
            },
            "notification-url": "https://packagist.org/downloads/",
            "license": [
                "MIT"
            ],
            "authors": [
                {
                    "name": "Florian Krämer",
                    "email": "florian.kraemer@kreative-design.net",
                    "homepage": "http://florian-kraemer.net",
                    "role": "Author"
                }
            ],
            "description": "Imagine Plugin for CakePHP",
            "homepage": "https://github.com/burzum/cakephp-imagine-plugin",
            "keywords": [
                "cakephp",
                "image",
                "image-processing",
                "media"
            ],
            "time": "2014-04-07 08:39:21"
        },
        {
            "name": "chronon/stripe",
            "version": "dev-master",
            "source": {
                "type": "git",
                "url": "https://github.com/chronon/CakePHP-StripeComponent-Plugin.git",
                "reference": "6eeb97ad4d951f444b2134139bc616cc8cdfe519"
            },
            "dist": {
                "type": "zip",
                "url": "https://api.github.com/repos/chronon/CakePHP-StripeComponent-Plugin/zipball/6eeb97ad4d951f444b2134139bc616cc8cdfe519",
                "reference": "6eeb97ad4d951f444b2134139bc616cc8cdfe519",
                "shasum": ""
            },
            "require": {
                "composer/installers": "*",
                "ext-curl": "*",
                "php": ">=5.3.0",
                "stripe/stripe-php": "1.11.*"
            },
            "type": "cakephp-plugin",
            "notification-url": "https://packagist.org/downloads/",
            "license": [
                "MIT"
            ],
            "authors": [
                {
                    "name": "Gregory Gaskill",
                    "email": "one@chronon.com",
                    "homepage": "http://technokracy.net",
                    "role": "Developer"
                }
            ],
            "description": "A CakePHP 2.x Stripe Payment Processing Component.",
            "homepage": "https://github.com/chronon/CakePHP-StripeComponent-Plugin",
            "keywords": [
                "cakephp",
                "component",
                "payments",
                "plugin",
                "stripe"
            ],
            "time": "2014-02-07 21:08:13"
        },
        {
            "name": "composer/installers",
            "version": "v1.0.15",
            "source": {
                "type": "git",
                "url": "https://github.com/composer/installers.git",
                "reference": "8e6a72a78f6cfd537fde3350720dfdc9ae3c5621"
            },
            "dist": {
                "type": "zip",
                "url": "https://api.github.com/repos/composer/installers/zipball/8e6a72a78f6cfd537fde3350720dfdc9ae3c5621",
                "reference": "8e6a72a78f6cfd537fde3350720dfdc9ae3c5621",
                "shasum": ""
            },
            "replace": {
                "roundcube/plugin-installer": "*",
                "shama/baton": "*"
            },
            "require-dev": {
                "composer/composer": "1.0.*@dev",
                "phpunit/phpunit": "4.1.*"
            },
            "type": "composer-installer",
            "extra": {
                "class": "Composer\\Installers\\Installer",
                "branch-alias": {
                    "dev-master": "1.0-dev"
                }
            },
            "autoload": {
                "psr-0": {
                    "Composer\\Installers\\": "src/"
                }
            },
            "notification-url": "https://packagist.org/downloads/",
            "license": [
                "MIT"
            ],
            "authors": [
                {
                    "name": "Kyle Robinson Young",
                    "email": "kyle@dontkry.com",
                    "homepage": "https://github.com/shama",
                    "role": "Developer"
                }
            ],
            "description": "A multi-framework Composer library installer",
            "homepage": "http://composer.github.com/installers/",
            "keywords": [
                "Craft",
                "Dolibarr",
                "Hurad",
                "MODX Evo",
                "OXID",
                "WolfCMS",
                "agl",
                "annotatecms",
                "bitrix",
                "cakephp",
                "codeigniter",
                "concrete5",
                "croogo",
                "drupal",
                "elgg",
                "fuelphp",
                "installer",
                "joomla",
                "kohana",
                "laravel",
                "lithium",
                "magento",
                "mako",
                "mediawiki",
                "modulework",
                "moodle",
                "phpbb",
                "piwik",
                "ppi",
                "roundcube",
                "shopware",
                "silverstripe",
                "symfony",
                "typo3",
                "wordpress",
                "zend",
                "zikula"
            ],
            "time": "2014-06-23 16:25:28"
        },
        {
            "name": "guzzle/guzzle",
            "version": "v3.9.1",
            "source": {
                "type": "git",
                "url": "https://github.com/guzzle/guzzle3.git",
                "reference": "92d9934f2fca1da15178c91239576ae26e505e60"
            },
            "dist": {
                "type": "zip",
                "url": "https://api.github.com/repos/guzzle/guzzle3/zipball/92d9934f2fca1da15178c91239576ae26e505e60",
                "reference": "92d9934f2fca1da15178c91239576ae26e505e60",
                "shasum": ""
            },
            "require": {
                "ext-curl": "*",
                "php": ">=5.3.3",
                "symfony/event-dispatcher": "~2.1"
            },
            "replace": {
                "guzzle/batch": "self.version",
                "guzzle/cache": "self.version",
                "guzzle/common": "self.version",
                "guzzle/http": "self.version",
                "guzzle/inflection": "self.version",
                "guzzle/iterator": "self.version",
                "guzzle/log": "self.version",
                "guzzle/parser": "self.version",
                "guzzle/plugin": "self.version",
                "guzzle/plugin-async": "self.version",
                "guzzle/plugin-backoff": "self.version",
                "guzzle/plugin-cache": "self.version",
                "guzzle/plugin-cookie": "self.version",
                "guzzle/plugin-curlauth": "self.version",
                "guzzle/plugin-error-response": "self.version",
                "guzzle/plugin-history": "self.version",
                "guzzle/plugin-log": "self.version",
                "guzzle/plugin-md5": "self.version",
                "guzzle/plugin-mock": "self.version",
                "guzzle/plugin-oauth": "self.version",
                "guzzle/service": "self.version",
                "guzzle/stream": "self.version"
            },
            "require-dev": {
                "doctrine/cache": "~1.3",
                "monolog/monolog": "~1.0",
                "phpunit/phpunit": "3.7.*",
                "psr/log": "~1.0",
                "symfony/class-loader": "~2.1",
                "zendframework/zend-cache": "2.*,<2.3",
                "zendframework/zend-log": "2.*,<2.3"
            },
            "type": "library",
            "extra": {
                "branch-alias": {
                    "dev-master": "3.8-dev"
                }
            },
            "autoload": {
                "psr-0": {
                    "Guzzle": "src/",
                    "Guzzle\\Tests": "tests/"
                }
            },
            "notification-url": "https://packagist.org/downloads/",
            "license": [
                "MIT"
            ],
            "authors": [
                {
                    "name": "Michael Dowling",
                    "email": "mtdowling@gmail.com",
                    "homepage": "https://github.com/mtdowling"
                },
                {
                    "name": "Guzzle Community",
                    "homepage": "https://github.com/guzzle/guzzle/contributors"
                }
            ],
            "description": "Guzzle is a PHP HTTP client library and framework for building RESTful web service clients",
            "homepage": "http://guzzlephp.org/",
            "keywords": [
                "client",
                "curl",
                "framework",
                "http",
                "http client",
                "rest",
                "web service"
            ],
            "time": "2014-05-07 17:04:22"
        },
        {
            "name": "imagine/imagine",
            "version": "v0.6.1",
            "source": {
                "type": "git",
                "url": "https://github.com/avalanche123/Imagine.git",
                "reference": "725279fd560faa1c7012a80b427b31d7f08f36ff"
            },
            "dist": {
                "type": "zip",
                "url": "https://api.github.com/repos/avalanche123/Imagine/zipball/725279fd560faa1c7012a80b427b31d7f08f36ff",
                "reference": "725279fd560faa1c7012a80b427b31d7f08f36ff",
                "shasum": ""
            },
            "require": {
                "php": ">=5.3.2"
            },
            "require-dev": {
                "sami/sami": "dev-master"
            },
            "suggest": {
                "ext-gd": "to use the GD implementation",
                "ext-gmagick": "to use the Gmagick implementation",
                "ext-imagick": "to use the Imagick implementation"
            },
            "type": "library",
            "extra": {
                "branch-alias": {
                    "dev-develop": "0.6-dev"
                }
            },
            "autoload": {
                "psr-0": {
                    "Imagine": "lib/"
                }
            },
            "notification-url": "https://packagist.org/downloads/",
            "license": [
                "MIT"
            ],
            "authors": [
                {
                    "name": "Bulat Shakirzyanov",
                    "email": "mallluhuct@gmail.com",
                    "homepage": "http://avalanche123.com"
                }
            ],
            "description": "Image processing for PHP 5.3",
            "homepage": "http://imagine.readthedocs.org/",
            "keywords": [
                "drawing",
                "graphics",
                "image manipulation",
                "image processing"
            ],
            "time": "2014-06-16 20:53:48"
        },
        {
            "name": "josegonzalez/cakephp-csvview",
            "version": "1.2.0",
            "source": {
                "type": "git",
                "url": "https://github.com/josegonzalez/cakephp-csvview.git",
                "reference": "08f43b397240c46b58706caae0c8c58ba09fcbda"
            },
            "dist": {
                "type": "zip",
                "url": "https://api.github.com/repos/josegonzalez/cakephp-csvview/zipball/08f43b397240c46b58706caae0c8c58ba09fcbda",
                "reference": "08f43b397240c46b58706caae0c8c58ba09fcbda",
                "shasum": ""
            },
            "require": {
                "composer/installers": "*"
            },
            "type": "cakephp-plugin",
            "extra": {
                "installer-name": "CsvView"
            },
            "notification-url": "https://packagist.org/downloads/",
            "license": [
                "MIT"
            ],
            "authors": [
                {
                    "name": "ADmad",
                    "homepage": "https://github.com/admad",
                    "role": "Contributor"
                },
                {
                    "name": "Jose Diaz-Gonzalez",
                    "email": "dotenv@josegonzalez.com",
                    "homepage": "http://josediazgonzalez.com",
                    "role": "Maintainer"
                },
                {
                    "name": "Mark Scherer",
                    "homepage": "https://github.com/dereuromark",
                    "role": "Contributor"
                },
                {
                    "name": "Joshua Paling",
                    "homepage": "https://github.com/joshuapaling",
                    "role": "Contributor"
                },
                {
                    "name": "Gaurish Sharma",
                    "homepage": "https://github.com/gaurish",
                    "role": "Contributor"
                },
                {
                    "name": "Gregory Gaskill",
                    "homepage": "https://github.com/chronon",
                    "role": "Contributor"
                }
            ],
            "description": "A CSV View class for CakePHP 2.x",
            "homepage": "http://github.com/josegonzalez/cakephp-csvview",
            "keywords": [
                "cakephp",
                "csv",
                "export",
                "view"
            ],
            "time": "2014-03-20 19:05:55"
        },
        {
            "name": "justinrainbow/json-schema",
            "version": "1.3.6",
            "source": {
                "type": "git",
                "url": "https://github.com/justinrainbow/json-schema.git",
                "reference": "d97cf3ce890fe80f247fc08594a1c8a1029fc7ed"
            },
            "dist": {
                "type": "zip",
                "url": "https://api.github.com/repos/justinrainbow/json-schema/zipball/d97cf3ce890fe80f247fc08594a1c8a1029fc7ed",
                "reference": "d97cf3ce890fe80f247fc08594a1c8a1029fc7ed",
                "shasum": ""
            },
            "require": {
                "php": ">=5.3.0"
            },
            "require-dev": {
                "json-schema/json-schema-test-suite": "1.1.0",
                "phpdocumentor/phpdocumentor": "~2",
                "phpunit/phpunit": "~3.7"
            },
            "bin": [
                "bin/validate-json"
            ],
            "type": "library",
            "extra": {
                "branch-alias": {
                    "dev-master": "1.4.x-dev"
                }
            },
            "autoload": {
                "psr-0": {
                    "JsonSchema": "src/"
                }
            },
            "notification-url": "https://packagist.org/downloads/",
            "license": [
                "BSD-3-Clause"
            ],
            "authors": [
                {
                    "name": "Igor Wiedler",
                    "email": "igor@wiedler.ch",
                    "homepage": "http://wiedler.ch/igor/"
                },
                {
                    "name": "Bruno Prieto Reis",
                    "email": "bruno.p.reis@gmail.com"
                },
                {
                    "name": "Justin Rainbow",
                    "email": "justin.rainbow@gmail.com"
                },
                {
                    "name": "Robert Schönthal",
                    "email": "seroscho@googlemail.com",
                    "homepage": "http://digitalkaoz.net"
                }
            ],
            "description": "A library to validate a json schema.",
            "homepage": "https://github.com/justinrainbow/json-schema",
            "keywords": [
                "json",
                "schema"
            ],
            "time": "2014-03-05 15:03:52"
        },
        {
            "name": "mjohnson/transit",
            "version": "1.5.1",
            "source": {
                "type": "git",
                "url": "https://github.com/milesj/transit.git",
                "reference": "01fb3d8300fb4be58370979083404e37eee75afc"
            },
            "dist": {
                "type": "zip",
                "url": "https://api.github.com/repos/milesj/transit/zipball/01fb3d8300fb4be58370979083404e37eee75afc",
                "reference": "01fb3d8300fb4be58370979083404e37eee75afc",
                "shasum": ""
            },
            "require": {
                "ext-curl": "*",
                "ext-fileinfo": "*",
                "ext-mbstring": "*",
                "php": ">=5.3.3"
            },
            "require-dev": {
                "aws/aws-sdk-php": "*",
                "ext-exif": "*",
                "rackspace/php-opencloud": "*"
            },
            "suggest": {
                "aws/aws-sdk-php": "Upload files to Amazon S3 and Glacier",
                "ext-exif": "Extract exif data from images",
                "ext-gd": "Enable the GD library for image transforming",
                "rackspace/php-opencloud": "Upload files to RackSpace OpenCloud"
            },
            "type": "library",
            "autoload": {
                "psr-0": {
                    "Transit": "src/"
                }
            },
            "notification-url": "https://packagist.org/downloads/",
            "license": [
                "MIT"
            ],
            "authors": [
                {
                    "name": "Miles Johnson",
                    "homepage": "http://milesj.me"
                }
            ],
            "description": "A file uploader with support for validation, image transformation and remote transportation.",
            "homepage": "http://milesj.me/code/php/transit",
            "keywords": [
                "application",
                "archive",
                "audio",
                "cloud",
                "cloudfiles",
                "exif",
                "file",
                "glacier",
                "image",
                "importer",
                "opencloud",
                "rackspace",
                "s3",
                "text",
                "transformer",
                "transit",
                "transporter",
                "uploader",
                "validator",
                "video"
            ],
            "time": "2014-03-31 01:15:36"
        },
        {
            "name": "mjohnson/uploader",
            "version": "4.5.4",
            "source": {
                "type": "git",
                "url": "https://github.com/milesj/uploader.git",
                "reference": "8c11938216fef70696bbc9d2a6c1f6b79e8b25a0"
            },
            "dist": {
                "type": "zip",
                "url": "https://api.github.com/repos/milesj/uploader/zipball/8c11938216fef70696bbc9d2a6c1f6b79e8b25a0",
                "reference": "8c11938216fef70696bbc9d2a6c1f6b79e8b25a0",
                "shasum": ""
            },
            "require": {
                "composer/installers": "*",
                "ext-curl": "*",
                "ext-fileinfo": "*",
                "ext-mbstring": "*",
                "mjohnson/transit": "~1.5",
                "php": ">=5.3.3"
            },
            "suggest": {
                "aws/aws-sdk-php": "~2.2",
                "ext-exif": "Extract exif data from images",
                "ext-gd": "Enable the GD library for image transforming"
            },
            "type": "cakephp-plugin",
            "notification-url": "https://packagist.org/downloads/",
            "license": [
                "MIT"
            ],
            "authors": [
                {
                    "name": "Miles Johnson",
                    "homepage": "http://milesj.me"
                }
            ],
            "description": "File uploader and validation plugin for CakePHP.",
            "homepage": "http://milesj.me/code/cakephp/uploader",
            "keywords": [
                "attachment",
                "cakephp",
                "file",
                "plugin",
                "uploader",
                "validation"
            ],
            "time": "2014-05-24 18:54:12"
        },
        {
            "name": "opentok/opentok",
            "version": "dev-master",
            "source": {
                "type": "git",
                "url": "https://github.com/opentok/Opentok-PHP-SDK.git",
                "reference": "e991b877b44431b8dea7bd90287bb4030433e6c5"
            },
            "dist": {
                "type": "zip",
                "url": "https://api.github.com/repos/opentok/Opentok-PHP-SDK/zipball/666562c8603124733c2e51c77567803ffdc67c6d",
                "reference": "e991b877b44431b8dea7bd90287bb4030433e6c5",
                "shasum": ""
            },
            "require": {
                "guzzle/guzzle": "~3.7",
                "justinrainbow/json-schema": "~1.3",
                "php": ">=5.0.0"
            },
            "type": "library",
            "autoload": {
                "files": [
                    "OpenTokSDK.php"
                ]
            },
            "notification-url": "https://packagist.org/downloads/",
            "authors": [
                {
                    "name": "TokBox",
                    "homepage": "http://www.tokbox.com"
                },
                {
                    "name": "Community contributors",
                    "homepage": "https://github.com/opentok/Opentok-PHP-SDK/graphs/contributors"
                }
            ],
            "description": "PHP library for TokBox OpenTok",
            "homepage": "https://github.com/opentok/Opentok-PHP-SDK",
            "keywords": [
                "OpenTok",
                "TokBox",
                "php"
            ],
            "time": "2013-09-27 17:39:06"
        },
        {
            "name": "stripe/stripe-php",
            "version": "v1.11.0",
            "source": {
                "type": "git",
                "url": "https://github.com/stripe/stripe-php.git",
                "reference": "375227f845c99b2550a5c26d2a4911313cadb97c"
            },
            "dist": {
                "type": "zip",
                "url": "https://api.github.com/repos/stripe/stripe-php/zipball/375227f845c99b2550a5c26d2a4911313cadb97c",
                "reference": "375227f845c99b2550a5c26d2a4911313cadb97c",
                "shasum": ""
            },
            "require": {
                "ext-curl": "*",
                "ext-json": "*",
                "ext-mbstring": "*",
                "php": ">=5.2"
            },
            "require-dev": {
                "vierbergenlars/simpletest": "*"
            },
            "type": "library",
            "autoload": {
                "classmap": [
                    "lib/Stripe/"
                ]
            },
            "notification-url": "https://packagist.org/downloads/",
            "license": [
                "MIT"
            ],
            "authors": [
                {
                    "name": "Stripe and contributors",
                    "homepage": "https://github.com/stripe/stripe-php/contributors"
                }
            ],
            "description": "Stripe PHP Library",
            "homepage": "https://stripe.com/",
            "keywords": [
                "api",
                "payment processing",
                "stripe"
            ],
            "time": "2014-01-30 01:00:33"
        },
        {
            "name": "symfony/event-dispatcher",
            "version": "v2.5.0",
            "target-dir": "Symfony/Component/EventDispatcher",
            "source": {
                "type": "git",
                "url": "https://github.com/symfony/EventDispatcher.git",
                "reference": "cb62ec8dd05893fc8e4f0e6e21e326e1fc731fe8"
            },
            "dist": {
                "type": "zip",
                "url": "https://api.github.com/repos/symfony/EventDispatcher/zipball/cb62ec8dd05893fc8e4f0e6e21e326e1fc731fe8",
                "reference": "cb62ec8dd05893fc8e4f0e6e21e326e1fc731fe8",
                "shasum": ""
            },
            "require": {
                "php": ">=5.3.3"
            },
            "require-dev": {
                "psr/log": "~1.0",
                "symfony/config": "~2.0",
                "symfony/dependency-injection": "~2.0",
                "symfony/stopwatch": "~2.2"
            },
            "suggest": {
                "symfony/dependency-injection": "",
                "symfony/http-kernel": ""
            },
            "type": "library",
            "extra": {
                "branch-alias": {
                    "dev-master": "2.5-dev"
                }
            },
            "autoload": {
                "psr-0": {
                    "Symfony\\Component\\EventDispatcher\\": ""
                }
            },
            "notification-url": "https://packagist.org/downloads/",
            "license": [
                "MIT"
            ],
            "authors": [
                {
                    "name": "Fabien Potencier",
                    "email": "fabien@symfony.com",
                    "homepage": "http://fabien.potencier.org",
                    "role": "Lead Developer"
                },
                {
                    "name": "Symfony Community",
                    "homepage": "http://symfony.com/contributors"
                }
            ],
            "description": "Symfony EventDispatcher Component",
            "homepage": "http://symfony.com",
            "time": "2014-04-29 10:13:57"
        }
    ],
    "packages-dev": [

    ],
    "aliases": [

    ],
    "minimum-stability": "stable",
    "stability-flags": {
        "opentok/opentok": 20,
        "chronon/stripe": 20
    },
    "platform": {
        "php": ">=5.4.0"
    },
    "platform-dev": [

    ]
}
