{
    "_readme": [
        "This file locks the dependencies of your project to a known state",
        "Read more about it at http://getcomposer.org/doc/01-basic-usage.md#composer-lock-the-lock-file",
        "This file is @generated automatically"
    ],
    "hash": "9595f91fee3c7906c34de94b5a26afd5",
    "packages": [
        {
            "name": "burzum/cakephp-imagine-plugin",
            "version": "1.0.5",
            "source": {
                "type": "git",
                "url": "https://github.com/burzum/cakephp-imagine-plugin.git",
                "reference": "b933ecc0b0676c6b3178fd6eeede6dad1a9176cd"
            },
            "dist": {
                "type": "zip",
                "url": "https://api.github.com/repos/burzum/cakephp-imagine-plugin/zipball/b933ecc0b0676c6b3178fd6eeede6dad1a9176cd",
                "reference": "b933ecc0b0676c6b3178fd6eeede6dad1a9176cd",
                "shasum": ""
            },
            "require": {
                "composer/installers": "*",
                "imagine/imagine": "*",
                "php": ">=5.3.2"
            },
            "type": "cakephp-plugin",
            "extra": {
                "installer-name": "Imagine"
            },
            "notification-url": "https://packagist.org/downloads/",
            "license": [
                "MIT"
            ],
            "authors": [
                {
                    "name": "Florian Krämer",
                    "email": "florian.kraemer@kreative-design.net",
                    "homepage": "http://florian-kraemer.net",
                    "role": "Author"
                }
            ],
            "description": "Imagine Plugin for CakePHP",
            "homepage": "https://github.com/burzum/cakephp-imagine-plugin",
            "keywords": [
                "cakephp",
                "image",
                "image-processing",
                "media"
            ],
            "time": "2014-04-07 08:39:21"
        },
        {
            "name": "chronon/stripe",
            "version": "dev-master",
            "source": {
                "type": "git",
                "url": "https://github.com/chronon/CakePHP-StripeComponent-Plugin.git",
                "reference": "6eeb97ad4d951f444b2134139bc616cc8cdfe519"
            },
            "dist": {
                "type": "zip",
                "url": "https://api.github.com/repos/chronon/CakePHP-StripeComponent-Plugin/zipball/6eeb97ad4d951f444b2134139bc616cc8cdfe519",
                "reference": "6eeb97ad4d951f444b2134139bc616cc8cdfe519",
                "shasum": ""
            },
            "require": {
                "composer/installers": "*",
                "ext-curl": "*",
                "php": ">=5.3.0",
                "stripe/stripe-php": "1.11.*"
            },
            "type": "cakephp-plugin",
            "notification-url": "https://packagist.org/downloads/",
            "license": [
                "MIT"
            ],
            "authors": [
                {
                    "name": "Gregory Gaskill",
                    "email": "one@chronon.com",
                    "homepage": "http://technokracy.net",
                    "role": "Developer"
                }
            ],
            "description": "A CakePHP 2.x Stripe Payment Processing Component.",
            "homepage": "https://github.com/chronon/CakePHP-StripeComponent-Plugin",
            "keywords": [
                "cakephp",
                "component",
                "payments",
                "plugin",
                "stripe"
            ],
            "time": "2014-02-07 21:08:13"
        },
        {
            "name": "composer/installers",
            "version": "v1.0.12",
            "source": {
                "type": "git",
                "url": "https://github.com/composer/installers.git",
                "reference": "4127333b03e8b4c08d081958548aae5419d1a2fa"
            },
            "dist": {
                "type": "zip",
                "url": "https://api.github.com/repos/composer/installers/zipball/4127333b03e8b4c08d081958548aae5419d1a2fa",
                "reference": "4127333b03e8b4c08d081958548aae5419d1a2fa",
                "shasum": ""
            },
            "replace": {
                "shama/baton": "*"
            },
            "require-dev": {
                "composer/composer": "1.0.*@dev",
                "phpunit/phpunit": "3.7.*"
            },
            "type": "composer-installer",
            "extra": {
                "class": "Composer\\Installers\\Installer",
                "branch-alias": {
                    "dev-master": "1.0-dev"
                }
            },
            "autoload": {
                "psr-0": {
                    "Composer\\Installers\\": "src/"
                }
            },
            "notification-url": "https://packagist.org/downloads/",
            "license": [
                "MIT"
            ],
            "authors": [
                {
                    "name": "Kyle Robinson Young",
                    "email": "kyle@dontkry.com",
                    "homepage": "https://github.com/shama",
                    "role": "Developer"
                }
            ],
            "description": "A multi-framework Composer library installer",
            "homepage": "http://composer.github.com/installers/",
            "keywords": [
                "Craft",
                "Hurad",
                "MODX Evo",
                "OXID",
                "WolfCMS",
                "agl",
                "annotatecms",
                "cakephp",
                "codeigniter",
                "concrete5",
                "croogo",
                "drupal",
                "elgg",
                "fuelphp",
                "installer",
                "joomla",
                "kohana",
                "laravel",
                "lithium",
                "magento",
                "mako",
                "mediawiki",
                "modulework",
                "phpbb",
                "piwik",
                "ppi",
                "shopware",
                "silverstripe",
                "symfony",
                "typo3",
                "wordpress",
                "zend",
                "zikula"
            ],
            "time": "2014-02-24 04:21:34"
        },
        {
            "name": "imagine/imagine",
            "version": "v0.5.0",
            "source": {
                "type": "git",
                "url": "https://github.com/avalanche123/Imagine.git",
                "reference": "f64ec666baaa800edcbf237db41121a569230709"
            },
            "dist": {
                "type": "zip",
                "url": "https://api.github.com/repos/avalanche123/Imagine/zipball/f64ec666baaa800edcbf237db41121a569230709",
                "reference": "f64ec666baaa800edcbf237db41121a569230709",
                "shasum": ""
            },
            "require": {
                "php": ">=5.3.2"
            },
            "require-dev": {
                "sami/sami": "dev-master"
            },
            "suggest": {
                "ext-gd": "to use the GD implementation",
                "ext-gmagick": "to use the Gmagick implementation",
                "ext-imagick": "to use the Imagick implementation"
            },
            "type": "library",
            "autoload": {
                "psr-0": {
                    "Imagine": "lib/"
                }
            },
            "notification-url": "https://packagist.org/downloads/",
            "license": [
                "MIT"
            ],
            "authors": [
                {
                    "name": "Bulat Shakirzyanov",
                    "email": "mallluhuct@gmail.com",
                    "homepage": "http://avalanche123.com"
                }
            ],
            "description": "Image processing for PHP 5.3",
            "homepage": "http://imagine.readthedocs.org/",
            "keywords": [
                "drawing",
                "graphics",
                "image manipulation",
                "image processing"
            ],
            "time": "2013-07-10 17:25:36"
        },
        {
            "name": "opentok/opentok",
            "version": "dev-master",
            "source": {
                "type": "git",
                "url": "https://github.com/opentok/Opentok-PHP-SDK.git",
                "reference": "e991b877b44431b8dea7bd90287bb4030433e6c5"
            },
            "dist": {
                "type": "zip",
                "url": "https://api.github.com/repos/opentok/Opentok-PHP-SDK/zipball/e991b877b44431b8dea7bd90287bb4030433e6c5",
                "reference": "e991b877b44431b8dea7bd90287bb4030433e6c5",
                "shasum": ""
            },
            "require": {
                "php": ">=5.0.0"
            },
            "type": "library",
            "autoload": {
                "files": [
                    "OpenTokSDK.php"
                ]
            },
            "notification-url": "https://packagist.org/downloads/",
            "authors": [
                {
                    "name": "TokBox",
                    "homepage": "http://www.tokbox.com"
                },
                {
                    "name": "Community contributors",
                    "homepage": "https://github.com/opentok/Opentok-PHP-SDK/graphs/contributors"
                }
            ],
            "description": "PHP library for TokBox OpenTok",
            "homepage": "https://github.com/opentok/Opentok-PHP-SDK",
            "keywords": [
                "OpenTok",
                "TokBox",
                "php"
            ],
            "time": "2014-04-08 00:32:34"
        },
        {
            "name": "stripe/stripe-php",
            "version": "v1.11.0",
            "source": {
                "type": "git",
                "url": "https://github.com/stripe/stripe-php.git",
                "reference": "375227f845c99b2550a5c26d2a4911313cadb97c"
            },
            "dist": {
                "type": "zip",
                "url": "https://api.github.com/repos/stripe/stripe-php/zipball/375227f845c99b2550a5c26d2a4911313cadb97c",
                "reference": "375227f845c99b2550a5c26d2a4911313cadb97c",
                "shasum": ""
            },
            "require": {
                "ext-curl": "*",
                "ext-json": "*",
                "ext-mbstring": "*",
                "php": ">=5.2"
            },
            "require-dev": {
                "vierbergenlars/simpletest": "*"
            },
            "type": "library",
            "autoload": {
                "classmap": [
                    "lib/Stripe/"
                ]
            },
            "notification-url": "https://packagist.org/downloads/",
            "license": [
                "MIT"
            ],
            "authors": [
                {
                    "name": "Stripe and contributors",
                    "homepage": "https://github.com/stripe/stripe-php/contributors"
                }
            ],
            "description": "Stripe PHP Library",
            "homepage": "https://stripe.com/",
            "keywords": [
                "api",
                "payment processing",
                "stripe"
            ],
            "time": "2014-01-30 01:00:33"
        }
    ],
    "packages-dev": [

    ],
    "aliases": [

    ],
    "minimum-stability": "stable",
    "stability-flags": {
        "opentok/opentok": 20,
        "chronon/stripe": 20
    },
    "platform": {
        "php": ">=5.4.0"
    },
    "platform-dev": [

    ]
}
